// !$*UTF8*$!
{
	archiveVersion = 1;
	classes = {
	};
	objectVersion = 50;
	objects = {

/* Begin PBXBuildFile section */
		183C09D323FD15A1006E7E94 /* AppDelegate.swift in Sources */ = {isa = PBXBuildFile; fileRef = 183C09D223FD15A1006E7E94 /* AppDelegate.swift */; };
		183C09D523FD15A1006E7E94 /* SceneDelegate.swift in Sources */ = {isa = PBXBuildFile; fileRef = 183C09D423FD15A1006E7E94 /* SceneDelegate.swift */; };
		183C09D723FD15A1006E7E94 /* ViewController.swift in Sources */ = {isa = PBXBuildFile; fileRef = 183C09D623FD15A1006E7E94 /* ViewController.swift */; };
		183C09DA23FD15A1006E7E94 /* Main.storyboard in Resources */ = {isa = PBXBuildFile; fileRef = 183C09D823FD15A1006E7E94 /* Main.storyboard */; };
		183C09DC23FD15A4006E7E94 /* Assets.xcassets in Resources */ = {isa = PBXBuildFile; fileRef = 183C09DB23FD15A4006E7E94 /* Assets.xcassets */; };
		183C09DF23FD15A4006E7E94 /* LaunchScreen.storyboard in Resources */ = {isa = PBXBuildFile; fileRef = 183C09DD23FD15A4006E7E94 /* LaunchScreen.storyboard */; };
		183C09EA23FD15A4006E7E94 /* UIDesignTests.swift in Sources */ = {isa = PBXBuildFile; fileRef = 183C09E923FD15A4006E7E94 /* UIDesignTests.swift */; };
		183C09F523FD15A4006E7E94 /* UIDesignUITests.swift in Sources */ = {isa = PBXBuildFile; fileRef = 183C09F423FD15A4006E7E94 /* UIDesignUITests.swift */; };
		183C0A0323FD189F006E7E94 /* SecondViewController.swift in Sources */ = {isa = PBXBuildFile; fileRef = 183C0A0223FD189F006E7E94 /* SecondViewController.swift */; };
		183C0A0823FD2609006E7E94 /* Custom2TableViewCell.swift in Sources */ = {isa = PBXBuildFile; fileRef = 183C0A0623FD2609006E7E94 /* Custom2TableViewCell.swift */; };
		183C0A0923FD2609006E7E94 /* Custom2TableViewCell.xib in Resources */ = {isa = PBXBuildFile; fileRef = 183C0A0723FD2609006E7E94 /* Custom2TableViewCell.xib */; };
		185280F623FE5A2A00579A4A /* FilterViewController.swift in Sources */ = {isa = PBXBuildFile; fileRef = 185280F523FE5A2A00579A4A /* FilterViewController.swift */; };
		185280F823FE5C1700579A4A /* DataManager.swift in Sources */ = {isa = PBXBuildFile; fileRef = 185280F723FE5C1700579A4A /* DataManager.swift */; };
		185280FA23FE5F0500579A4A /* FiltDataViewController.swift in Sources */ = {isa = PBXBuildFile; fileRef = 185280F923FE5F0500579A4A /* FiltDataViewController.swift */; };
		185280FC23FE615700579A4A /* filterDataViewController.swift in Sources */ = {isa = PBXBuildFile; fileRef = 185280FB23FE615700579A4A /* filterDataViewController.swift */; };
		1855A22F23FE7667008D8DEE /* CustomCollectionViewCell.swift in Sources */ = {isa = PBXBuildFile; fileRef = 1855A22D23FE7667008D8DEE /* CustomCollectionViewCell.swift */; };
		1855A23023FE7667008D8DEE /* CustomCollectionViewCell.xib in Resources */ = {isa = PBXBuildFile; fileRef = 1855A22E23FE7667008D8DEE /* CustomCollectionViewCell.xib */; };
/* End PBXBuildFile section */

/* Begin PBXContainerItemProxy section */
		183C09E623FD15A4006E7E94 /* PBXContainerItemProxy */ = {
			isa = PBXContainerItemProxy;
			containerPortal = 183C09C723FD15A1006E7E94 /* Project object */;
			proxyType = 1;
			remoteGlobalIDString = 183C09CE23FD15A1006E7E94;
			remoteInfo = UIDesign;
		};
		183C09F123FD15A4006E7E94 /* PBXContainerItemProxy */ = {
			isa = PBXContainerItemProxy;
			containerPortal = 183C09C723FD15A1006E7E94 /* Project object */;
			proxyType = 1;
			remoteGlobalIDString = 183C09CE23FD15A1006E7E94;
			remoteInfo = UIDesign;
		};
/* End PBXContainerItemProxy section */

/* Begin PBXFileReference section */
		183C09CF23FD15A1006E7E94 /* UIDesign.app */ = {isa = PBXFileReference; explicitFileType = wrapper.application; includeInIndex = 0; path = UIDesign.app; sourceTree = BUILT_PRODUCTS_DIR; };
		183C09D223FD15A1006E7E94 /* AppDelegate.swift */ = {isa = PBXFileReference; lastKnownFileType = sourcecode.swift; path = AppDelegate.swift; sourceTree = "<group>"; };
		183C09D423FD15A1006E7E94 /* SceneDelegate.swift */ = {isa = PBXFileReference; lastKnownFileType = sourcecode.swift; path = SceneDelegate.swift; sourceTree = "<group>"; };
		183C09D623FD15A1006E7E94 /* ViewController.swift */ = {isa = PBXFileReference; lastKnownFileType = sourcecode.swift; path = ViewController.swift; sourceTree = "<group>"; };
		183C09D923FD15A1006E7E94 /* Base */ = {isa = PBXFileReference; lastKnownFileType = file.storyboard; name = Base; path = Base.lproj/Main.storyboard; sourceTree = "<group>"; };
		183C09DB23FD15A4006E7E94 /* Assets.xcassets */ = {isa = PBXFileReference; lastKnownFileType = folder.assetcatalog; path = Assets.xcassets; sourceTree = "<group>"; };
		183C09DE23FD15A4006E7E94 /* Base */ = {isa = PBXFileReference; lastKnownFileType = file.storyboard; name = Base; path = Base.lproj/LaunchScreen.storyboard; sourceTree = "<group>"; };
		183C09E023FD15A4006E7E94 /* Info.plist */ = {isa = PBXFileReference; lastKnownFileType = text.plist.xml; path = Info.plist; sourceTree = "<group>"; };
		183C09E523FD15A4006E7E94 /* UIDesignTests.xctest */ = {isa = PBXFileReference; explicitFileType = wrapper.cfbundle; includeInIndex = 0; path = UIDesignTests.xctest; sourceTree = BUILT_PRODUCTS_DIR; };
		183C09E923FD15A4006E7E94 /* UIDesignTests.swift */ = {isa = PBXFileReference; lastKnownFileType = sourcecode.swift; path = UIDesignTests.swift; sourceTree = "<group>"; };
		183C09EB23FD15A4006E7E94 /* Info.plist */ = {isa = PBXFileReference; lastKnownFileType = text.plist.xml; path = Info.plist; sourceTree = "<group>"; };
		183C09F023FD15A4006E7E94 /* UIDesignUITests.xctest */ = {isa = PBXFileReference; explicitFileType = wrapper.cfbundle; includeInIndex = 0; path = UIDesignUITests.xctest; sourceTree = BUILT_PRODUCTS_DIR; };
		183C09F423FD15A4006E7E94 /* UIDesignUITests.swift */ = {isa = PBXFileReference; lastKnownFileType = sourcecode.swift; path = UIDesignUITests.swift; sourceTree = "<group>"; };
		183C09F623FD15A4006E7E94 /* Info.plist */ = {isa = PBXFileReference; lastKnownFileType = text.plist.xml; path = Info.plist; sourceTree = "<group>"; };
		183C0A0223FD189F006E7E94 /* SecondViewController.swift */ = {isa = PBXFileReference; lastKnownFileType = sourcecode.swift; path = SecondViewController.swift; sourceTree = "<group>"; };
		183C0A0623FD2609006E7E94 /* Custom2TableViewCell.swift */ = {isa = PBXFileReference; lastKnownFileType = sourcecode.swift; path = Custom2TableViewCell.swift; sourceTree = "<group>"; };
		183C0A0723FD2609006E7E94 /* Custom2TableViewCell.xib */ = {isa = PBXFileReference; lastKnownFileType = file.xib; path = Custom2TableViewCell.xib; sourceTree = "<group>"; };
		185280F523FE5A2A00579A4A /* FilterViewController.swift */ = {isa = PBXFileReference; lastKnownFileType = sourcecode.swift; path = FilterViewController.swift; sourceTree = "<group>"; };
		185280F723FE5C1700579A4A /* DataManager.swift */ = {isa = PBXFileReference; lastKnownFileType = sourcecode.swift; path = DataManager.swift; sourceTree = "<group>"; };
		185280F923FE5F0500579A4A /* FiltDataViewController.swift */ = {isa = PBXFileReference; lastKnownFileType = sourcecode.swift; path = FiltDataViewController.swift; sourceTree = "<group>"; };
		185280FB23FE615700579A4A /* filterDataViewController.swift */ = {isa = PBXFileReference; lastKnownFileType = sourcecode.swift; path = filterDataViewController.swift; sourceTree = "<group>"; };
		1855A22D23FE7667008D8DEE /* CustomCollectionViewCell.swift */ = {isa = PBXFileReference; lastKnownFileType = sourcecode.swift; path = CustomCollectionViewCell.swift; sourceTree = "<group>"; };
		1855A22E23FE7667008D8DEE /* CustomCollectionViewCell.xib */ = {isa = PBXFileReference; lastKnownFileType = file.xib; path = CustomCollectionViewCell.xib; sourceTree = "<group>"; };
/* End PBXFileReference section */

/* Begin PBXFrameworksBuildPhase section */
		183C09CC23FD15A1006E7E94 /* Frameworks */ = {
			isa = PBXFrameworksBuildPhase;
			buildActionMask = 2147483647;
			files = (
			);
			runOnlyForDeploymentPostprocessing = 0;
		};
		183C09E223FD15A4006E7E94 /* Frameworks */ = {
			isa = PBXFrameworksBuildPhase;
			buildActionMask = 2147483647;
			files = (
			);
			runOnlyForDeploymentPostprocessing = 0;
		};
		183C09ED23FD15A4006E7E94 /* Frameworks */ = {
			isa = PBXFrameworksBuildPhase;
			buildActionMask = 2147483647;
			files = (
			);
			runOnlyForDeploymentPostprocessing = 0;
		};
/* End PBXFrameworksBuildPhase section */

/* Begin PBXGroup section */
		183C09C623FD15A1006E7E94 = {
			isa = PBXGroup;
			children = (
				183C09D123FD15A1006E7E94 /* UIDesign */,
				183C09E823FD15A4006E7E94 /* UIDesignTests */,
				183C09F323FD15A4006E7E94 /* UIDesignUITests */,
				183C09D023FD15A1006E7E94 /* Products */,
			);
			sourceTree = "<group>";
		};
		183C09D023FD15A1006E7E94 /* Products */ = {
			isa = PBXGroup;
			children = (
				183C09CF23FD15A1006E7E94 /* UIDesign.app */,
				183C09E523FD15A4006E7E94 /* UIDesignTests.xctest */,
				183C09F023FD15A4006E7E94 /* UIDesignUITests.xctest */,
			);
			name = Products;
			sourceTree = "<group>";
		};
		183C09D123FD15A1006E7E94 /* UIDesign */ = {
			isa = PBXGroup;
			children = (
				183C09D223FD15A1006E7E94 /* AppDelegate.swift */,
				183C09D423FD15A1006E7E94 /* SceneDelegate.swift */,
				183C09D623FD15A1006E7E94 /* ViewController.swift */,
				183C0A0223FD189F006E7E94 /* SecondViewController.swift */,
				185280F523FE5A2A00579A4A /* FilterViewController.swift */,
				185280F923FE5F0500579A4A /* FiltDataViewController.swift */,
				185280F723FE5C1700579A4A /* DataManager.swift */,
				183C09D823FD15A1006E7E94 /* Main.storyboard */,
				183C09DB23FD15A4006E7E94 /* Assets.xcassets */,
				183C09DD23FD15A4006E7E94 /* LaunchScreen.storyboard */,
				183C09E023FD15A4006E7E94 /* Info.plist */,
				183C0A0623FD2609006E7E94 /* Custom2TableViewCell.swift */,
				183C0A0723FD2609006E7E94 /* Custom2TableViewCell.xib */,
				185280FB23FE615700579A4A /* filterDataViewController.swift */,
				1855A22D23FE7667008D8DEE /* CustomCollectionViewCell.swift */,
				1855A22E23FE7667008D8DEE /* CustomCollectionViewCell.xib */,
			);
			path = UIDesign;
			sourceTree = "<group>";
		};
		183C09E823FD15A4006E7E94 /* UIDesignTests */ = {
			isa = PBXGroup;
			children = (
				183C09E923FD15A4006E7E94 /* UIDesignTests.swift */,
				183C09EB23FD15A4006E7E94 /* Info.plist */,
			);
			path = UIDesignTests;
			sourceTree = "<group>";
		};
		183C09F323FD15A4006E7E94 /* UIDesignUITests */ = {
			isa = PBXGroup;
			children = (
				183C09F423FD15A4006E7E94 /* UIDesignUITests.swift */,
				183C09F623FD15A4006E7E94 /* Info.plist */,
			);
			path = UIDesignUITests;
			sourceTree = "<group>";
		};
/* End PBXGroup section */

/* Begin PBXNativeTarget section */
		183C09CE23FD15A1006E7E94 /* UIDesign */ = {
			isa = PBXNativeTarget;
			buildConfigurationList = 183C09F923FD15A4006E7E94 /* Build configuration list for PBXNativeTarget "UIDesign" */;
			buildPhases = (
				183C09CB23FD15A1006E7E94 /* Sources */,
				183C09CC23FD15A1006E7E94 /* Frameworks */,
				183C09CD23FD15A1006E7E94 /* Resources */,
			);
			buildRules = (
			);
			dependencies = (
			);
			name = UIDesign;
			productName = UIDesign;
			productReference = 183C09CF23FD15A1006E7E94 /* UIDesign.app */;
			productType = "com.apple.product-type.application";
		};
		183C09E423FD15A4006E7E94 /* UIDesignTests */ = {
			isa = PBXNativeTarget;
			buildConfigurationList = 183C09FC23FD15A4006E7E94 /* Build configuration list for PBXNativeTarget "UIDesignTests" */;
			buildPhases = (
				183C09E123FD15A4006E7E94 /* Sources */,
				183C09E223FD15A4006E7E94 /* Frameworks */,
				183C09E323FD15A4006E7E94 /* Resources */,
			);
			buildRules = (
			);
			dependencies = (
				183C09E723FD15A4006E7E94 /* PBXTargetDependency */,
			);
			name = UIDesignTests;
			productName = UIDesignTests;
			productReference = 183C09E523FD15A4006E7E94 /* UIDesignTests.xctest */;
			productType = "com.apple.product-type.bundle.unit-test";
		};
		183C09EF23FD15A4006E7E94 /* UIDesignUITests */ = {
			isa = PBXNativeTarget;
			buildConfigurationList = 183C09FF23FD15A4006E7E94 /* Build configuration list for PBXNativeTarget "UIDesignUITests" */;
			buildPhases = (
				183C09EC23FD15A4006E7E94 /* Sources */,
				183C09ED23FD15A4006E7E94 /* Frameworks */,
				183C09EE23FD15A4006E7E94 /* Resources */,
			);
			buildRules = (
			);
			dependencies = (
				183C09F223FD15A4006E7E94 /* PBXTargetDependency */,
			);
			name = UIDesignUITests;
			productName = UIDesignUITests;
			productReference = 183C09F023FD15A4006E7E94 /* UIDesignUITests.xctest */;
			productType = "com.apple.product-type.bundle.ui-testing";
		};
/* End PBXNativeTarget section */

/* Begin PBXProject section */
		183C09C723FD15A1006E7E94 /* Project object */ = {
			isa = PBXProject;
			attributes = {
				LastSwiftUpdateCheck = 1130;
				LastUpgradeCheck = 1130;
				ORGANIZATIONNAME = apple;
				TargetAttributes = {
					183C09CE23FD15A1006E7E94 = {
						CreatedOnToolsVersion = 11.3.1;
					};
					183C09E423FD15A4006E7E94 = {
						CreatedOnToolsVersion = 11.3.1;
						TestTargetID = 183C09CE23FD15A1006E7E94;
					};
					183C09EF23FD15A4006E7E94 = {
						CreatedOnToolsVersion = 11.3.1;
						TestTargetID = 183C09CE23FD15A1006E7E94;
					};
				};
			};
			buildConfigurationList = 183C09CA23FD15A1006E7E94 /* Build configuration list for PBXProject "UIDesign" */;
			compatibilityVersion = "Xcode 9.3";
			developmentRegion = en;
			hasScannedForEncodings = 0;
			knownRegions = (
				en,
				Base,
			);
			mainGroup = 183C09C623FD15A1006E7E94;
			productRefGroup = 183C09D023FD15A1006E7E94 /* Products */;
			projectDirPath = "";
			projectRoot = "";
			targets = (
				183C09CE23FD15A1006E7E94 /* UIDesign */,
				183C09E423FD15A4006E7E94 /* UIDesignTests */,
				183C09EF23FD15A4006E7E94 /* UIDesignUITests */,
			);
		};
/* End PBXProject section */

/* Begin PBXResourcesBuildPhase section */
		183C09CD23FD15A1006E7E94 /* Resources */ = {
			isa = PBXResourcesBuildPhase;
			buildActionMask = 2147483647;
			files = (
				183C09DF23FD15A4006E7E94 /* LaunchScreen.storyboard in Resources */,
				183C0A0923FD2609006E7E94 /* Custom2TableViewCell.xib in Resources */,
				183C09DC23FD15A4006E7E94 /* Assets.xcassets in Resources */,
				1855A23023FE7667008D8DEE /* CustomCollectionViewCell.xib in Resources */,
				183C09DA23FD15A1006E7E94 /* Main.storyboard in Resources */,
			);
			runOnlyForDeploymentPostprocessing = 0;
		};
		183C09E323FD15A4006E7E94 /* Resources */ = {
			isa = PBXResourcesBuildPhase;
			buildActionMask = 2147483647;
			files = (
			);
			runOnlyForDeploymentPostprocessing = 0;
		};
		183C09EE23FD15A4006E7E94 /* Resources */ = {
			isa = PBXResourcesBuildPhase;
			buildActionMask = 2147483647;
			files = (
			);
			runOnlyForDeploymentPostprocessing = 0;
		};
/* End PBXResourcesBuildPhase section */

/* Begin PBXSourcesBuildPhase section */
		183C09CB23FD15A1006E7E94 /* Sources */ = {
			isa = PBXSourcesBuildPhase;
			buildActionMask = 2147483647;
			files = (
				185280F623FE5A2A00579A4A /* FilterViewController.swift in Sources */,
				1855A22F23FE7667008D8DEE /* CustomCollectionViewCell.swift in Sources */,
				185280FC23FE615700579A4A /* filterDataViewController.swift in Sources */,
				183C0A0323FD189F006E7E94 /* SecondViewController.swift in Sources */,
				183C09D723FD15A1006E7E94 /* ViewController.swift in Sources */,
				185280F823FE5C1700579A4A /* DataManager.swift in Sources */,
				183C09D323FD15A1006E7E94 /* AppDelegate.swift in Sources */,
				183C09D523FD15A1006E7E94 /* SceneDelegate.swift in Sources */,
				183C0A0823FD2609006E7E94 /* Custom2TableViewCell.swift in Sources */,
				185280FA23FE5F0500579A4A /* FiltDataViewController.swift in Sources */,
			);
			runOnlyForDeploymentPostprocessing = 0;
		};
		183C09E123FD15A4006E7E94 /* Sources */ = {
			isa = PBXSourcesBuildPhase;
			buildActionMask = 2147483647;
			files = (
				183C09EA23FD15A4006E7E94 /* UIDesignTests.swift in Sources */,
			);
			runOnlyForDeploymentPostprocessing = 0;
		};
		183C09EC23FD15A4006E7E94 /* Sources */ = {
			isa = PBXSourcesBuildPhase;
			buildActionMask = 2147483647;
			files = (
				183C09F523FD15A4006E7E94 /* UIDesignUITests.swift in Sources */,
			);
			runOnlyForDeploymentPostprocessing = 0;
		};
/* End PBXSourcesBuildPhase section */

/* Begin PBXTargetDependency section */
		183C09E723FD15A4006E7E94 /* PBXTargetDependency */ = {
			isa = PBXTargetDependency;
			target = 183C09CE23FD15A1006E7E94 /* UIDesign */;
			targetProxy = 183C09E623FD15A4006E7E94 /* PBXContainerItemProxy */;
		};
		183C09F223FD15A4006E7E94 /* PBXTargetDependency */ = {
			isa = PBXTargetDependency;
			target = 183C09CE23FD15A1006E7E94 /* UIDesign */;
			targetProxy = 183C09F123FD15A4006E7E94 /* PBXContainerItemProxy */;
		};
/* End PBXTargetDependency section */

/* Begin PBXVariantGroup section */
		183C09D823FD15A1006E7E94 /* Main.storyboard */ = {
			isa = PBXVariantGroup;
			children = (
				183C09D923FD15A1006E7E94 /* Base */,
			);
			name = Main.storyboard;
			sourceTree = "<group>";
		};
		183C09DD23FD15A4006E7E94 /* LaunchScreen.storyboard */ = {
			isa = PBXVariantGroup;
			children = (
				183C09DE23FD15A4006E7E94 /* Base */,
			);
			name = LaunchScreen.storyboard;
			sourceTree = "<group>";
		};
/* End PBXVariantGroup section */

/* Begin XCBuildConfiguration section */
		183C09F723FD15A4006E7E94 /* Debug */ = {
			isa = XCBuildConfiguration;
			buildSettings = {
				ALWAYS_SEARCH_USER_PATHS = NO;
				CLANG_ANALYZER_NONNULL = YES;
				CLANG_ANALYZER_NUMBER_OBJECT_CONVERSION = YES_AGGRESSIVE;
				CLANG_CXX_LANGUAGE_STANDARD = "gnu++14";
				CLANG_CXX_LIBRARY = "libc++";
				CLANG_ENABLE_MODULES = YES;
				CLANG_ENABLE_OBJC_ARC = YES;
				CLANG_ENABLE_OBJC_WEAK = YES;
				CLANG_WARN_BLOCK_CAPTURE_AUTORELEASING = YES;
				CLANG_WARN_BOOL_CONVERSION = YES;
				CLANG_WARN_COMMA = YES;
				CLANG_WARN_CONSTANT_CONVERSION = YES;
				CLANG_WARN_DEPRECATED_OBJC_IMPLEMENTATIONS = YES;
				CLANG_WARN_DIRECT_OBJC_ISA_USAGE = YES_ERROR;
				CLANG_WARN_DOCUMENTATION_COMMENTS = YES;
				CLANG_WARN_EMPTY_BODY = YES;
				CLANG_WARN_ENUM_CONVERSION = YES;
				CLANG_WARN_INFINITE_RECURSION = YES;
				CLANG_WARN_INT_CONVERSION = YES;
				CLANG_WARN_NON_LITERAL_NULL_CONVERSION = YES;
				CLANG_WARN_OBJC_IMPLICIT_RETAIN_SELF = YES;
				CLANG_WARN_OBJC_LITERAL_CONVERSION = YES;
				CLANG_WARN_OBJC_ROOT_CLASS = YES_ERROR;
				CLANG_WARN_RANGE_LOOP_ANALYSIS = YES;
				CLANG_WARN_STRICT_PROTOTYPES = YES;
				CLANG_WARN_SUSPICIOUS_MOVE = YES;
				CLANG_WARN_UNGUARDED_AVAILABILITY = YES_AGGRESSIVE;
				CLANG_WARN_UNREACHABLE_CODE = YES;
				CLANG_WARN__DUPLICATE_METHOD_MATCH = YES;
				COPY_PHASE_STRIP = NO;
				DEBUG_INFORMATION_FORMAT = dwarf;
				ENABLE_STRICT_OBJC_MSGSEND = YES;
				ENABLE_TESTABILITY = YES;
				GCC_C_LANGUAGE_STANDARD = gnu11;
				GCC_DYNAMIC_NO_PIC = NO;
				GCC_NO_COMMON_BLOCKS = YES;
				GCC_OPTIMIZATION_LEVEL = 0;
				GCC_PREPROCESSOR_DEFINITIONS = (
					"DEBUG=1",
					"$(inherited)",
				);
				GCC_WARN_64_TO_32_BIT_CONVERSION = YES;
				GCC_WARN_ABOUT_RETURN_TYPE = YES_ERROR;
				GCC_WARN_UNDECLARED_SELECTOR = YES;
				GCC_WARN_UNINITIALIZED_AUTOS = YES_AGGRESSIVE;
				GCC_WARN_UNUSED_FUNCTION = YES;
				GCC_WARN_UNUSED_VARIABLE = YES;
				IPHONEOS_DEPLOYMENT_TARGET = 13.2;
				MTL_ENABLE_DEBUG_INFO = INCLUDE_SOURCE;
				MTL_FAST_MATH = YES;
				ONLY_ACTIVE_ARCH = YES;
				SDKROOT = iphoneos;
				SWIFT_ACTIVE_COMPILATION_CONDITIONS = DEBUG;
				SWIFT_OPTIMIZATION_LEVEL = "-Onone";
			};
			name = Debug;
		};
		183C09F823FD15A4006E7E94 /* Release */ = {
			isa = XCBuildConfiguration;
			buildSettings = {
				ALWAYS_SEARCH_USER_PATHS = NO;
				CLANG_ANALYZER_NONNULL = YES;
				CLANG_ANALYZER_NUMBER_OBJECT_CONVERSION = YES_AGGRESSIVE;
				CLANG_CXX_LANGUAGE_STANDARD = "gnu++14";
				CLANG_CXX_LIBRARY = "libc++";
				CLANG_ENABLE_MODULES = YES;
				CLANG_ENABLE_OBJC_ARC = YES;
				CLANG_ENABLE_OBJC_WEAK = YES;
				CLANG_WARN_BLOCK_CAPTURE_AUTORELEASING = YES;
				CLANG_WARN_BOOL_CONVERSION = YES;
				CLANG_WARN_COMMA = YES;
				CLANG_WARN_CONSTANT_CONVERSION = YES;
				CLANG_WARN_DEPRECATED_OBJC_IMPLEMENTATIONS = YES;
				CLANG_WARN_DIRECT_OBJC_ISA_USAGE = YES_ERROR;
				CLANG_WARN_DOCUMENTATION_COMMENTS = YES;
				CLANG_WARN_EMPTY_BODY = YES;
				CLANG_WARN_ENUM_CONVERSION = YES;
				CLANG_WARN_INFINITE_RECURSION = YES;
				CLANG_WARN_INT_CONVERSION = YES;
				CLANG_WARN_NON_LITERAL_NULL_CONVERSION = YES;
				CLANG_WARN_OBJC_IMPLICIT_RETAIN_SELF = YES;
				CLANG_WARN_OBJC_LITERAL_CONVERSION = YES;
				CLANG_WARN_OBJC_ROOT_CLASS = YES_ERROR;
				CLANG_WARN_RANGE_LOOP_ANALYSIS = YES;
				CLANG_WARN_STRICT_PROTOTYPES = YES;
				CLANG_WARN_SUSPICIOUS_MOVE = YES;
				CLANG_WARN_UNGUARDED_AVAILABILITY = YES_AGGRESSIVE;
				CLANG_WARN_UNREACHABLE_CODE = YES;
				CLANG_WARN__DUPLICATE_METHOD_MATCH = YES;
				COPY_PHASE_STRIP = NO;
				DEBUG_INFORMATION_FORMAT = "dwarf-with-dsym";
				ENABLE_NS_ASSERTIONS = NO;
				ENABLE_STRICT_OBJC_MSGSEND = YES;
				GCC_C_LANGUAGE_STANDARD = gnu11;
				GCC_NO_COMMON_BLOCKS = YES;
				GCC_WARN_64_TO_32_BIT_CONVERSION = YES;
				GCC_WARN_ABOUT_RETURN_TYPE = YES_ERROR;
				GCC_WARN_UNDECLARED_SELECTOR = YES;
				GCC_WARN_UNINITIALIZED_AUTOS = YES_AGGRESSIVE;
				GCC_WARN_UNUSED_FUNCTION = YES;
				GCC_WARN_UNUSED_VARIABLE = YES;
				IPHONEOS_DEPLOYMENT_TARGET = 13.2;
				MTL_ENABLE_DEBUG_INFO = NO;
				MTL_FAST_MATH = YES;
				SDKROOT = iphoneos;
				SWIFT_COMPILATION_MODE = wholemodule;
				SWIFT_OPTIMIZATION_LEVEL = "-O";
				VALIDATE_PRODUCT = YES;
			};
			name = Release;
		};
		183C09FA23FD15A4006E7E94 /* Debug */ = {
			isa = XCBuildConfiguration;
			buildSettings = {
				ASSETCATALOG_COMPILER_APPICON_NAME = AppIcon;
				CODE_SIGN_STYLE = Automatic;
				DEVELOPMENT_TEAM = X3YSFD492A;
				INFOPLIST_FILE = UIDesign/Info.plist;
				LD_RUNPATH_SEARCH_PATHS = (
					"$(inherited)",
					"@executable_path/Frameworks",
				);
				PRODUCT_BUNDLE_IDENTIFIER = bans.UIDesign;
				PRODUCT_NAME = "$(TARGET_NAME)";
				SWIFT_VERSION = 5.0;
				TARGETED_DEVICE_FAMILY = "1,2";
			};
			name = Debug;
		};
		183C09FB23FD15A4006E7E94 /* Release */ = {
			isa = XCBuildConfiguration;
			buildSettings = {
				ASSETCATALOG_COMPILER_APPICON_NAME = AppIcon;
				CODE_SIGN_STYLE = Automatic;
				DEVELOPMENT_TEAM = X3YSFD492A;
				INFOPLIST_FILE = UIDesign/Info.plist;
				LD_RUNPATH_SEARCH_PATHS = (
					"$(inherited)",
					"@executable_path/Frameworks",
				);
				PRODUCT_BUNDLE_IDENTIFIER = bans.UIDesign;
				PRODUCT_NAME = "$(TARGET_NAME)";
				SWIFT_VERSION = 5.0;
				TARGETED_DEVICE_FAMILY = "1,2";
			};
			name = Release;
		};
		183C09FD23FD15A4006E7E94 /* Debug */ = {
			isa = XCBuildConfiguration;
			buildSettings = {
				ALWAYS_EMBED_SWIFT_STANDARD_LIBRARIES = YES;
				BUNDLE_LOADER = "$(TEST_HOST)";
				CODE_SIGN_STYLE = Automatic;
				INFOPLIST_FILE = UIDesignTests/Info.plist;
				IPHONEOS_DEPLOYMENT_TARGET = 13.2;
				LD_RUNPATH_SEARCH_PATHS = (
					"$(inherited)",
					"@executable_path/Frameworks",
					"@loader_path/Frameworks",
				);
				PRODUCT_BUNDLE_IDENTIFIER = bans.UIDesignTests;
				PRODUCT_NAME = "$(TARGET_NAME)";
				SWIFT_VERSION = 5.0;
				TARGETED_DEVICE_FAMILY = "1,2";
				TEST_HOST = "$(BUILT_PRODUCTS_DIR)/UIDesign.app/UIDesign";
			};
			name = Debug;
		};
		183C09FE23FD15A4006E7E94 /* Release */ = {
			isa = XCBuildConfiguration;
			buildSettings = {
				ALWAYS_EMBED_SWIFT_STANDARD_LIBRARIES = YES;
				BUNDLE_LOADER = "$(TEST_HOST)";
				CODE_SIGN_STYLE = Automatic;
				INFOPLIST_FILE = UIDesignTests/Info.plist;
				IPHONEOS_DEPLOYMENT_TARGET = 13.2;
				LD_RUNPATH_SEARCH_PATHS = (
					"$(inherited)",
					"@executable_path/Frameworks",
					"@loader_path/Frameworks",
				);
				PRODUCT_BUNDLE_IDENTIFIER = bans.UIDesignTests;
				PRODUCT_NAME = "$(TARGET_NAME)";
				SWIFT_VERSION = 5.0;
				TARGETED_DEVICE_FAMILY = "1,2";
				TEST_HOST = "$(BUILT_PRODUCTS_DIR)/UIDesign.app/UIDesign";
			};
			name = Release;
		};
		183C0A0023FD15A4006E7E94 /* Debug */ = {
			isa = XCBuildConfiguration;
			buildSettings = {
				ALWAYS_EMBED_SWIFT_STANDARD_LIBRARIES = YES;
				CODE_SIGN_STYLE = Automatic;
				INFOPLIST_FILE = UIDesignUITests/Info.plist;
				LD_RUNPATH_SEARCH_PATHS = (
					"$(inherited)",
					"@executable_path/Frameworks",
					"@loader_path/Frameworks",
				);
				PRODUCT_BUNDLE_IDENTIFIER = bans.UIDesignUITests;
				PRODUCT_NAME = "$(TARGET_NAME)";
				SWIFT_VERSION = 5.0;
				TARGETED_DEVICE_FAMILY = "1,2";
				TEST_TARGET_NAME = UIDesign;
			};
			name = Debug;
		};
		183C0A0123FD15A4006E7E94 /* Release */ = {
			isa = XCBuildConfiguration;
			buildSettings = {
				ALWAYS_EMBED_SWIFT_STANDARD_LIBRARIES = YES;
				CODE_SIGN_STYLE = Automatic;
				INFOPLIST_FILE = UIDesignUITests/Info.plist;
				LD_RUNPATH_SEARCH_PATHS = (
					"$(inherited)",
					"@executable_path/Frameworks",
					"@loader_path/Frameworks",
				);
				PRODUCT_BUNDLE_IDENTIFIER = bans.UIDesignUITests;
				PRODUCT_NAME = "$(TARGET_NAME)";
				SWIFT_VERSION = 5.0;
				TARGETED_DEVICE_FAMILY = "1,2";
				TEST_TARGET_NAME = UIDesign;
			};
			name = Release;
		};
/* End XCBuildConfiguration section */

/* Begin XCConfigurationList section */
		183C09CA23FD15A1006E7E94 /* Build configuration list for PBXProject "UIDesign" */ = {
			isa = XCConfigurationList;
			buildConfigurations = (
				183C09F723FD15A4006E7E94 /* Debug */,
				183C09F823FD15A4006E7E94 /* Release */,
			);
			defaultConfigurationIsVisible = 0;
			defaultConfigurationName = Release;
		};
		183C09F923FD15A4006E7E94 /* Build configuration list for PBXNativeTarget "UIDesign" */ = {
			isa = XCConfigurationList;
			buildConfigurations = (
				183C09FA23FD15A4006E7E94 /* Debug */,
				183C09FB23FD15A4006E7E94 /* Release */,
			);
			defaultConfigurationIsVisible = 0;
			defaultConfigurationName = Release;
		};
		183C09FC23FD15A4006E7E94 /* Build configuration list for PBXNativeTarget "UIDesignTests" */ = {
			isa = XCConfigurationList;
			buildConfigurations = (
				183C09FD23FD15A4006E7E94 /* Debug */,
				183C09FE23FD15A4006E7E94 /* Release */,
			);
			defaultConfigurationIsVisible = 0;
			defaultConfigurationName = Release;
		};
		183C09FF23FD15A4006E7E94 /* Build configuration list for PBXNativeTarget "UIDesignUITests" */ = {
			isa = XCConfigurationList;
			buildConfigurations = (
				183C0A0023FD15A4006E7E94 /* Debug */,
				183C0A0123FD15A4006E7E94 /* Release */,
			);
			defaultConfigurationIsVisible = 0;
			defaultConfigurationName = Release;
		};
/* End XCConfigurationList section */
	};
	rootObject = 183C09C723FD15A1006E7E94 /* Project object */;
}
